
Microsoft Visual Studio Solution File, Format Version 12.00
# Visual Studio 15
VisualStudioVersion = 15.0.27703.2042
MinimumVisualStudioVersion = 10.0.40219.1
Project("{FAE04EC0-301F-11D3-BF4B-00C04F79EFBC}") = "SMSQL", "SMSQL\SMSQL.csproj", "{9133B2DB-79D9-4AC5-91BD-E7DC626591EB}"
EndProject
Global
	GlobalSection(SolutionConfigurationPlatforms) = preSolution
		Debug|Any CPU = Debug|Any CPU
		Release|Any CPU = Release|Any CPU
	EndGlobalSection
	GlobalSection(ProjectConfigurationPlatforms) = postSolution
		{9133B2DB-79D9-4AC5-91BD-E7DC626591EB}.Debug|Any CPU.ActiveCfg = Debug|Any CPU
		{9133B2DB-79D9-4AC5-91BD-E7DC626591EB}.Debug|Any CPU.Build.0 = Debug|Any CPU
		{9133B2DB-79D9-4AC5-91BD-E7DC626591EB}.Release|Any CPU.ActiveCfg = Release|Any CPU
		{9133B2DB-79D9-4AC5-91BD-E7DC626591EB}.Release|Any CPU.Build.0 = Release|Any CPU
	EndGlobalSection
	GlobalSection(SolutionProperties) = preSolution
		HideSolutionNode = FALSE
	EndGlobalSection
	GlobalSection(ExtensibilityGlobals) = postSolution
		SolutionGuid = {E1380113-DE76-4B25-9F23-900B78CAB601}
	EndGlobalSection
EndGlobal
